
Microsoft Visual Studio Solution File, Format Version 12.00
# Visual Studio 15
VisualStudioVersion = 15.0.27703.2047
MinimumVisualStudioVersion = 10.0.40219.1
Project("{FAE04EC0-301F-11D3-BF4B-00C04F79EFBC}") = "MixPackageManager", "MixPackageManager\MixPackageManager.csproj", "{691A4E55-D305-4879-A558-708B0AE835DD}"
EndProject
Global
	GlobalSection(SolutionConfigurationPlatforms) = preSolution
		Debug|Any CPU = Debug|Any CPU
		Release|Any CPU = Release|Any CPU
	EndGlobalSection
	GlobalSection(ProjectConfigurationPlatforms) = postSolution
		{691A4E55-D305-4879-A558-708B0AE835DD}.Debug|Any CPU.ActiveCfg = Debug|Any CPU
		{691A4E55-D305-4879-A558-708B0AE835DD}.Debug|Any CPU.Build.0 = Debug|Any CPU
		{691A4E55-D305-4879-A558-708B0AE835DD}.Release|Any CPU.ActiveCfg = Release|Any CPU
		{691A4E55-D305-4879-A558-708B0AE835DD}.Release|Any CPU.Build.0 = Release|Any CPU
	EndGlobalSection
	GlobalSection(SolutionProperties) = preSolution
		HideSolutionNode = FALSE
	EndGlobalSection
	GlobalSection(ExtensibilityGlobals) = postSolution
		SolutionGuid = {FA0A2742-F8C0-4705-9EE7-281891D10365}
	EndGlobalSection
EndGlobal
